{
  "nodes": {
    "home-manager": {
      "inputs": {
        "nixpkgs": [
          "nixpkgs"
        ]
      },
      "locked": {
        "lastModified": 1684596126,
        "narHash": "sha256-4RZZmygeEXpuBqEXGs38ZAcWjWKGwu13Iqbxub6wuJk=",
        "owner": "nix-community",
        "repo": "home-manager",
        "rev": "27ef11f0218d9018ebb2948d40133df2b1de622d",
        "type": "github"
      },
      "original": {
        "owner": "nix-community",
        "repo": "home-manager",
        "type": "github"
      }
    },
    "musnix": {
      "inputs": {
        "nixpkgs": [
          "nixpkgs"
        ]
      },
      "locked": {
        "lastModified": 1679269409,
        "narHash": "sha256-f52ph0rV/tn2Gge6WHqO55K/TNTHAOhgp23uZ7QhlSE=",
        "owner": "musnix",
        "repo": "musnix",
        "rev": "79a6cf5a711e7d2dbf0a3ba0df9bae016d6247f8",
        "type": "github"
      },
      "original": {
        "owner": "musnix",
        "repo": "musnix",
        "type": "github"
      }
    },
    "nixpkgs": {
      "locked": {
        "lastModified": 1684570954,
        "narHash": "sha256-FX5y4Sm87RWwfu9PI71XFvuRpZLowh00FQpIJ1WfXqE=",
        "owner": "nixos",
        "repo": "nixpkgs",
        "rev": "3005f20ce0aaa58169cdee57c8aa12e5f1b6e1b3",
        "type": "github"
      },
      "original": {
        "owner": "nixos",
        "ref": "nixos-unstable",
        "repo": "nixpkgs",
        "type": "github"
      }
    },
    "root": {
      "inputs": {
        "home-manager": "home-manager",
        "musnix": "musnix",
        "nixpkgs": "nixpkgs"
      }
    }
  },
  "root": "root",
  "version": 7
}
