{
  "nodes": {
    "home-manager": {
      "inputs": {
        "nixpkgs": [
          "nixpkgs"
        ]
      },
      "locked": {
        "lastModified": 1685833925,
        "narHash": "sha256-KCo8QT/DtM4pSTQDWFOhVP7MDzwi0wb2ZlxhgjEwXtM=",
        "owner": "nix-community",
        "repo": "home-manager",
        "rev": "bffc49ffb255f213d2f902043da37b3016450f4a",
        "type": "github"
      },
      "original": {
        "owner": "nix-community",
        "repo": "home-manager",
        "type": "github"
      }
    },
    "musnix": {
      "inputs": {
        "nixpkgs": [
          "nixpkgs"
        ]
      },
      "locked": {
        "lastModified": 1679269409,
        "narHash": "sha256-f52ph0rV/tn2Gge6WHqO55K/TNTHAOhgp23uZ7QhlSE=",
        "owner": "musnix",
        "repo": "musnix",
        "rev": "79a6cf5a711e7d2dbf0a3ba0df9bae016d6247f8",
        "type": "github"
      },
      "original": {
        "owner": "musnix",
        "repo": "musnix",
        "type": "github"
      }
    },
    "nixpkgs": {
      "locked": {
        "lastModified": 1685655444,
        "narHash": "sha256-6EujQNAeaUkWvpEZZcVF8qSfQrNVWFNNGbUJxv/A5a8=",
        "owner": "nixos",
        "repo": "nixpkgs",
        "rev": "e635192892f5abbc2289eaac3a73cdb249abaefd",
        "type": "github"
      },
      "original": {
        "owner": "nixos",
        "ref": "nixos-unstable",
        "repo": "nixpkgs",
        "type": "github"
      }
    },
    "root": {
      "inputs": {
        "home-manager": "home-manager",
        "musnix": "musnix",
        "nixpkgs": "nixpkgs"
      }
    }
  },
  "root": "root",
  "version": 7
}
